
Microsoft Visual Studio Solution File, Format Version 11.00
# Visual Studio 2012
Project("{8BC9CEB8-8B4A-11D0-8D11-00A0C91BC942}") = "Test", "Test\Test.vcxproj", "{F04E5B8C-E2BE-4817-B639-D16CDACD4687}"
EndProject
Project("{2150E333-8FDC-42A3-9474-1A3956D46DE8}") = "SChannelTest", "SChannelTest", "{74D51AE2-8CDE-4F26-B028-EEAB3FE4F8A0}"
EndProject
Project("{8BC9CEB8-8B4A-11D0-8D11-00A0C91BC942}") = "Server", "Server\Server.vcxproj", "{6D259FA1-3525-4543-98BD-C5437A18FB84}"
EndProject
Project("{8BC9CEB8-8B4A-11D0-8D11-00A0C91BC942}") = "Client", "Client\Client.vcxproj", "{A6527555-FBA5-4E36-ADBF-A434E6547270}"
EndProject
Project("{8BC9CEB8-8B4A-11D0-8D11-00A0C91BC942}") = "SChannel", "SChannel\SChannel.vcxproj", "{CAF3891D-70C1-467E-BC79-C0EFA111862D}"
EndProject
Project("{8BC9CEB8-8B4A-11D0-8D11-00A0C91BC942}") = "MakeCert", "MakeCert\MakeCert.vcxproj", "{101B4892-2CAA-4754-8D2B-3CFD953EC5EF}"
EndProject
Global
	GlobalSection(SolutionConfigurationPlatforms) = preSolution
		Debug|Win32 = Debug|Win32
		Release|Win32 = Release|Win32
	EndGlobalSection
	GlobalSection(ProjectConfigurationPlatforms) = postSolution
		{F04E5B8C-E2BE-4817-B639-D16CDACD4687}.Debug|Win32.ActiveCfg = Debug|Win32
		{F04E5B8C-E2BE-4817-B639-D16CDACD4687}.Debug|Win32.Build.0 = Debug|Win32
		{F04E5B8C-E2BE-4817-B639-D16CDACD4687}.Release|Win32.ActiveCfg = Release|Win32
		{F04E5B8C-E2BE-4817-B639-D16CDACD4687}.Release|Win32.Build.0 = Release|Win32
		{6D259FA1-3525-4543-98BD-C5437A18FB84}.Debug|Win32.ActiveCfg = Debug|Win32
		{6D259FA1-3525-4543-98BD-C5437A18FB84}.Debug|Win32.Build.0 = Debug|Win32
		{6D259FA1-3525-4543-98BD-C5437A18FB84}.Release|Win32.ActiveCfg = Release|Win32
		{6D259FA1-3525-4543-98BD-C5437A18FB84}.Release|Win32.Build.0 = Release|Win32
		{A6527555-FBA5-4E36-ADBF-A434E6547270}.Debug|Win32.ActiveCfg = Debug|Win32
		{A6527555-FBA5-4E36-ADBF-A434E6547270}.Debug|Win32.Build.0 = Debug|Win32
		{A6527555-FBA5-4E36-ADBF-A434E6547270}.Release|Win32.ActiveCfg = Release|Win32
		{A6527555-FBA5-4E36-ADBF-A434E6547270}.Release|Win32.Build.0 = Release|Win32
		{CAF3891D-70C1-467E-BC79-C0EFA111862D}.Debug|Win32.ActiveCfg = Debug|Win32
		{CAF3891D-70C1-467E-BC79-C0EFA111862D}.Debug|Win32.Build.0 = Debug|Win32
		{CAF3891D-70C1-467E-BC79-C0EFA111862D}.Release|Win32.ActiveCfg = Release|Win32
		{CAF3891D-70C1-467E-BC79-C0EFA111862D}.Release|Win32.Build.0 = Release|Win32
		{101B4892-2CAA-4754-8D2B-3CFD953EC5EF}.Debug|Win32.ActiveCfg = Debug|Win32
		{101B4892-2CAA-4754-8D2B-3CFD953EC5EF}.Debug|Win32.Build.0 = Debug|Win32
		{101B4892-2CAA-4754-8D2B-3CFD953EC5EF}.Release|Win32.ActiveCfg = Release|Win32
		{101B4892-2CAA-4754-8D2B-3CFD953EC5EF}.Release|Win32.Build.0 = Release|Win32
	EndGlobalSection
	GlobalSection(SolutionProperties) = preSolution
		HideSolutionNode = FALSE
	EndGlobalSection
	GlobalSection(NestedProjects) = preSolution
		{6D259FA1-3525-4543-98BD-C5437A18FB84} = {74D51AE2-8CDE-4F26-B028-EEAB3FE4F8A0}
		{A6527555-FBA5-4E36-ADBF-A434E6547270} = {74D51AE2-8CDE-4F26-B028-EEAB3FE4F8A0}
		{101B4892-2CAA-4754-8D2B-3CFD953EC5EF} = {74D51AE2-8CDE-4F26-B028-EEAB3FE4F8A0}
	EndGlobalSection
EndGlobal
