<?xml version="1.0" encoding="utf-8"?>
<Project ToolsVersion="4.0" xmlns="http://schemas.microsoft.com/developer/msbuild/2003">
  <ItemGroup>
    <Filter Include="Source Files">
      <UniqueIdentifier>{4FC737F1-C7A5-4376-A066-2A32D752A2FF}</UniqueIdentifier>
      <Extensions>cpp;c;cc;cxx;def;odl;idl;hpj;bat;asm;asmx</Extensions>
    </Filter>
    <Filter Include="Header Files">
      <UniqueIdentifier>{93995380-89BD-4b04-88EB-625FBE52EBFB}</UniqueIdentifier>
      <Extensions>h;hpp;hxx;hm;inl;inc;xsd</Extensions>
    </Filter>
    <Filter Include="Resource Files">
      <UniqueIdentifier>{67DA6AB6-F800-4c08-8B7A-83BB121AAD01}</UniqueIdentifier>
      <Extensions>rc;ico;cur;bmp;dlg;rc2;rct;bin;rgs;gif;jpg;jpeg;jpe;resx;tiff;tif;png;wav;mfcribbon-ms</Extensions>
    </Filter>
  </ItemGroup>
  <ItemGroup>
    <ClCompile Include="dllEntryPoint.cpp">
      <Filter>Source Files</Filter>
    </ClCompile>
    <ClCompile Include="iSocket.cpp">
      <Filter>Source Files</Filter>
    </ClCompile>
    <ClCompile Include="tSocket.cpp">
      <Filter>Source Files</Filter>
    </ClCompile>
    <ClCompile Include="ISocketStream.cpp">
      <Filter>Source Files</Filter>
    </ClCompile>
    <ClCompile Include="tSocketStream.cpp">
      <Filter>Source Files</Filter>
    </ClCompile>
    <ClCompile Include="iSchannelUtils.cpp">
      <Filter>Source Files</Filter>
    </ClCompile>
    <ClCompile Include="iSchannelSessionServer.cpp">
      <Filter>Source Files</Filter>
    </ClCompile>
    <ClCompile Include="tSchannelSessionServer.cpp">
      <Filter>Source Files</Filter>
    </ClCompile>
    <ClCompile Include="iCertificate.cpp">
      <Filter>Source Files</Filter>
    </ClCompile>
    <ClCompile Include="tCertificate.cpp">
      <Filter>Source Files</Filter>
    </ClCompile>
    <ClCompile Include="iSchannelSessionClient.cpp">
      <Filter>Source Files</Filter>
    </ClCompile>
    <ClCompile Include="tSchannelSessionClient.cpp">
      <Filter>Source Files</Filter>
    </ClCompile>
    <ClCompile Include="iSecurityChannelStream.cpp">
      <Filter>Source Files</Filter>
    </ClCompile>
    <ClCompile Include="tSecurityChannelStream.cpp">
      <Filter>Source Files</Filter>
    </ClCompile>
    <ClCompile Include="iCertificateUtils.cpp">
      <Filter>Source Files</Filter>
    </ClCompile>
    <ClCompile Include="tCryptProv.cpp">
      <Filter>Source Files</Filter>
    </ClCompile>
    <ClCompile Include="tSecurityChannel.cpp">
      <Filter>Source Files</Filter>
    </ClCompile>
    <ClCompile Include="iSecurityChannel.cpp">
      <Filter>Source Files</Filter>
    </ClCompile>
    <ClCompile Include="tComputerIdentifier.cpp">
      <Filter>Source Files</Filter>
    </ClCompile>
    <ClCompile Include="tComputerIdentifierHelper.cpp">
      <Filter>Source Files</Filter>
    </ClCompile>
    <ClCompile Include="tInstanceIdentifier.cpp">
      <Filter>Source Files</Filter>
    </ClCompile>
    <ClCompile Include="iSoftwareKeyConnection.cpp">
      <Filter>Source Files</Filter>
    </ClCompile>
    <ClCompile Include="tSoftwareKeyConnection.cpp">
      <Filter>Source Files</Filter>
    </ClCompile>
    <ClCompile Include="tCS.cpp">
      <Filter>Source Files</Filter>
    </ClCompile>
    <ClCompile Include="tSoftwareKeyTask.cpp">
      <Filter>Source Files</Filter>
    </ClCompile>
  </ItemGroup>
  <ItemGroup>
    <ClInclude Include="iSocket.h">
      <Filter>Header Files</Filter>
    </ClInclude>
    <ClInclude Include="tSocket.h">
      <Filter>Header Files</Filter>
    </ClInclude>
    <ClInclude Include="iLog.h">
      <Filter>Header Files</Filter>
    </ClInclude>
    <ClInclude Include="iByteStream.h">
      <Filter>Header Files</Filter>
    </ClInclude>
    <ClInclude Include="ISocketStream.h">
      <Filter>Header Files</Filter>
    </ClInclude>
    <ClInclude Include="tSocketStream.h">
      <Filter>Header Files</Filter>
    </ClInclude>
    <ClInclude Include="iSecurityChannelStream.h">
      <Filter>Header Files</Filter>
    </ClInclude>
    <ClInclude Include="iSecurityChannel.h">
      <Filter>Header Files</Filter>
    </ClInclude>
    <ClInclude Include="iSchannelUtils.h">
      <Filter>Header Files</Filter>
    </ClInclude>
    <ClInclude Include="iCertificate.h">
      <Filter>Header Files</Filter>
    </ClInclude>
    <ClInclude Include="iSchannelSessionServer.h">
      <Filter>Header Files</Filter>
    </ClInclude>
    <ClInclude Include="tSchannelSessionServer.h">
      <Filter>Header Files</Filter>
    </ClInclude>
    <ClInclude Include="tCertificate.h">
      <Filter>Header Files</Filter>
    </ClInclude>
    <ClInclude Include="iSchannelSessionClient.h">
      <Filter>Header Files</Filter>
    </ClInclude>
    <ClInclude Include="tSchannelSessionClient.h">
      <Filter>Header Files</Filter>
    </ClInclude>
    <ClInclude Include="tSecurityChannelStream.h">
      <Filter>Header Files</Filter>
    </ClInclude>
    <ClInclude Include="iCertificateUtils.h">
      <Filter>Header Files</Filter>
    </ClInclude>
    <ClInclude Include="tCryptProv.h">
      <Filter>Header Files</Filter>
    </ClInclude>
    <ClInclude Include="tBlob.h">
      <Filter>Header Files</Filter>
    </ClInclude>
    <ClInclude Include="tSecurityChannel.h">
      <Filter>Header Files</Filter>
    </ClInclude>
    <ClInclude Include="tComputerIdentifier.h">
      <Filter>Header Files</Filter>
    </ClInclude>
    <ClInclude Include="tComputerIdentifierHelper.h">
      <Filter>Header Files</Filter>
    </ClInclude>
    <ClInclude Include="tInstanceIdentifier.h">
      <Filter>Header Files</Filter>
    </ClInclude>
    <ClInclude Include="iSoftwareKeyConnection.h">
      <Filter>Header Files</Filter>
    </ClInclude>
    <ClInclude Include="tSoftwareKeyConnection.h">
      <Filter>Header Files</Filter>
    </ClInclude>
    <ClInclude Include="iSoftwareKeyPingRP.h">
      <Filter>Header Files</Filter>
    </ClInclude>
    <ClInclude Include="tCS.h">
      <Filter>Header Files</Filter>
    </ClInclude>
    <ClInclude Include="tSoftwareKeyIds.h">
      <Filter>Header Files</Filter>
    </ClInclude>
    <ClInclude Include="tSoftwareKeyTask.h">
      <Filter>Header Files</Filter>
    </ClInclude>
  </ItemGroup>
</Project>